
Microsoft Visual Studio Solution File, Format Version 12.00
# Visual Studio 2013
VisualStudioVersion = 12.0.31101.0
MinimumVisualStudioVersion = 10.0.40219.1
Project("{FAE04EC0-301F-11D3-BF4B-00C04F79EFBC}") = "AzureDreams", "AzureDreams\AzureDreams.csproj", "{B7FD28EA-7C93-4A7F-AEB1-A1B3A1967C43}"
EndProject
Project("{FAE04EC0-301F-11D3-BF4B-00C04F79EFBC}") = "AzureDreams.WinForms", "AzureDreams.WinForms\AzureDreams.WinForms.csproj", "{B35E7C32-DD8A-4998-B848-1F515092650A}"
EndProject
Global
	GlobalSection(SolutionConfigurationPlatforms) = preSolution
		Debug|Any CPU = Debug|Any CPU
		Release|Any CPU = Release|Any CPU
	EndGlobalSection
	GlobalSection(ProjectConfigurationPlatforms) = postSolution
		{B7FD28EA-7C93-4A7F-AEB1-A1B3A1967C43}.Debug|Any CPU.ActiveCfg = Debug|Any CPU
		{B7FD28EA-7C93-4A7F-AEB1-A1B3A1967C43}.Debug|Any CPU.Build.0 = Debug|Any CPU
		{B7FD28EA-7C93-4A7F-AEB1-A1B3A1967C43}.Release|Any CPU.ActiveCfg = Release|Any CPU
		{B7FD28EA-7C93-4A7F-AEB1-A1B3A1967C43}.Release|Any CPU.Build.0 = Release|Any CPU
		{B35E7C32-DD8A-4998-B848-1F515092650A}.Debug|Any CPU.ActiveCfg = Debug|Any CPU
		{B35E7C32-DD8A-4998-B848-1F515092650A}.Debug|Any CPU.Build.0 = Debug|Any CPU
		{B35E7C32-DD8A-4998-B848-1F515092650A}.Release|Any CPU.ActiveCfg = Release|Any CPU
		{B35E7C32-DD8A-4998-B848-1F515092650A}.Release|Any CPU.Build.0 = Release|Any CPU
	EndGlobalSection
	GlobalSection(SolutionProperties) = preSolution
		HideSolutionNode = FALSE
	EndGlobalSection
EndGlobal
